
Microsoft Visual Studio Solution File, Format Version 12.00
# Visual Studio Version 17
VisualStudioVersion = 17.14.36203.30 d17.14
MinimumVisualStudioVersion = 10.0.40219.1
Project("{FAE04EC0-301F-11D3-BF4B-00C04F79EFBC}") = "Csharp_step4", "Csharp_step4\Csharp_step4.csproj", "{076754FC-669E-40B4-8521-7EF1C3406402}"
EndProject
Global
	GlobalSection(SolutionConfigurationPlatforms) = preSolution
		Debug|Any CPU = Debug|Any CPU
		Release|Any CPU = Release|Any CPU
	EndGlobalSection
	GlobalSection(ProjectConfigurationPlatforms) = postSolution
		{076754FC-669E-40B4-8521-7EF1C3406402}.Debug|Any CPU.ActiveCfg = Debug|Any CPU
		{076754FC-669E-40B4-8521-7EF1C3406402}.Debug|Any CPU.Build.0 = Debug|Any CPU
		{076754FC-669E-40B4-8521-7EF1C3406402}.Release|Any CPU.ActiveCfg = Release|Any CPU
		{076754FC-669E-40B4-8521-7EF1C3406402}.Release|Any CPU.Build.0 = Release|Any CPU
	EndGlobalSection
	GlobalSection(SolutionProperties) = preSolution
		HideSolutionNode = FALSE
	EndGlobalSection
	GlobalSection(ExtensibilityGlobals) = postSolution
		SolutionGuid = {3F3F6268-AF0B-4A40-8F29-2B101E25F7DC}
	EndGlobalSection
EndGlobal
